PODS:
  - MartyJunior (0.3.0)
  - MisterFusion (2.0.0)
  - ReuseCellConfigure (0.3.0)
  - SABlurImageView (3.0.0)

DEPENDENCIES:
  - MartyJunior (from `../`)
  - MisterFusion (from `https://github.com/szk-atmosphere/MisterFusion.git`, tag `2.0.0-beta`)
  - ReuseCellConfigure (from `https://github.com/szk-atmosphere/ReuseCellConfigure.git`,
    tag `0.3.0-beta`)
  - SABlurImageView (from `https://github.com/szk-atmosphere/SABlurImageView.git`,
    tag `3.0.0-beta`)

EXTERNAL SOURCES:
  MartyJunior:
    :path: "../"
  MisterFusion:
    :git: https://github.com/szk-atmosphere/MisterFusion.git
    :tag: 2.0.0-beta
  ReuseCellConfigure:
    :git: https://github.com/szk-atmosphere/ReuseCellConfigure.git
    :tag: 0.3.0-beta
  SABlurImageView:
    :git: https://github.com/szk-atmosphere/SABlurImageView.git
    :tag: 3.0.0-beta

CHECKOUT OPTIONS:
  MisterFusion:
    :git: https://github.com/szk-atmosphere/MisterFusion.git
    :tag: 2.0.0-beta
  ReuseCellConfigure:
    :git: https://github.com/szk-atmosphere/ReuseCellConfigure.git
    :tag: 0.3.0-beta
  SABlurImageView:
    :git: https://github.com/szk-atmosphere/SABlurImageView.git
    :tag: 3.0.0-beta

SPEC CHECKSUMS:
  MartyJunior: a678d16e5f9d832088e35c36d1393e7c2628c609
  MisterFusion: bd71d218ad9fa2054f45070178409b043c144448
  ReuseCellConfigure: 6ed849db55b9d886ed52ea76a8a22446771bfb9f
  SABlurImageView: 7078f9226c4a26ea4dedf69ad140f1376679e02d

COCOAPODS: 0.39.0
