PODS:
  - MartyJunior (0.1.0):
    - MisterFusion (= 0.6.0)
  - MisterFusion (0.6.0)
  - ReuseCellConfigure (0.1.0)

DEPENDENCIES:
  - MartyJunior (from `../`)
  - ReuseCellConfigure

EXTERNAL SOURCES:
  MartyJunior:
    :path: "../"

SPEC CHECKSUMS:
  MartyJunior: c911657d5bdd450c5ef378a64770dc5676ed64cc
  MisterFusion: 4c0bed7dcee6f2d86f9900a1963a46ce4ec989b8
  ReuseCellConfigure: ecebae2b0aef0677c9f0428006d20088697221ae

COCOAPODS: 0.39.0
