PODS:
  - MartyJunior (0.3.0):
    - MisterFusion
  - MisterFusion (2.1.0)
  - ReuseCellConfigure (0.3.0)
  - SABlurImageView (3.0.1)

DEPENDENCIES:
  - MartyJunior (from `../`)
  - ReuseCellConfigure
  - SABlurImageView

EXTERNAL SOURCES:
  MartyJunior:
    :path: "../"

SPEC CHECKSUMS:
  MartyJunior: 7c9de4e28febd78ecf7f2a230dca32489e648143
  MisterFusion: 9f6df9ac06559d21e710510a737f877abec92486
  ReuseCellConfigure: fb72675eee381b0158066d1fd52db26ade5bc956
  SABlurImageView: bd0940330d0e8571379a495623e57c436659a202

PODFILE CHECKSUM: 5e4102371d8001963c34232b9db67ca187d40305

COCOAPODS: 1.2.0
